
Microsoft Visual Studio Solution File, Format Version 12.00
# Visual Studio Version 17
VisualStudioVersion = 17.2.32505.173
MinimumVisualStudioVersion = 10.0.40219.1
Project("{2150E333-8FDC-42A3-9474-1A3956D46DE8}") = "2.Business Layer", "2.Business Layer", "{C78B0424-7BB4-4538-B993-FC4F69355C42}"
EndProject
Project("{2150E333-8FDC-42A3-9474-1A3956D46DE8}") = "3.Data Layer", "3.Data Layer", "{3DFC8413-E454-4D69-9C83-29FB59614796}"
EndProject
Project("{2150E333-8FDC-42A3-9474-1A3956D46DE8}") = "1.Presentation Layer", "1.Presentation Layer", "{BB00A808-8B67-4C4E-97BB-239BB22A2691}"
EndProject
Project("{FAE04EC0-301F-11D3-BF4B-00C04F79EFBC}") = "BusinessObject", "BusinessObject\BusinessObject.csproj", "{D3FF9060-4DE1-4E93-A7E6-CF46589D8878}"
EndProject
Project("{FAE04EC0-301F-11D3-BF4B-00C04F79EFBC}") = "DataAccess", "DataAccess\DataAccess.csproj", "{7CE3AA3A-5C76-4F6D-8185-D2DEB77F4FEC}"
EndProject
Project("{FAE04EC0-301F-11D3-BF4B-00C04F79EFBC}") = "MyStoreWinApp", "MyStoreWinApp\MyStoreWinApp.csproj", "{B1264A0D-569F-48DC-B24A-5F269AEB4C6E}"
EndProject
Global
	GlobalSection(SolutionConfigurationPlatforms) = preSolution
		Debug|Any CPU = Debug|Any CPU
		Release|Any CPU = Release|Any CPU
	EndGlobalSection
	GlobalSection(ProjectConfigurationPlatforms) = postSolution
		{D3FF9060-4DE1-4E93-A7E6-CF46589D8878}.Debug|Any CPU.ActiveCfg = Debug|Any CPU
		{D3FF9060-4DE1-4E93-A7E6-CF46589D8878}.Debug|Any CPU.Build.0 = Debug|Any CPU
		{D3FF9060-4DE1-4E93-A7E6-CF46589D8878}.Release|Any CPU.ActiveCfg = Release|Any CPU
		{D3FF9060-4DE1-4E93-A7E6-CF46589D8878}.Release|Any CPU.Build.0 = Release|Any CPU
		{7CE3AA3A-5C76-4F6D-8185-D2DEB77F4FEC}.Debug|Any CPU.ActiveCfg = Debug|Any CPU
		{7CE3AA3A-5C76-4F6D-8185-D2DEB77F4FEC}.Debug|Any CPU.Build.0 = Debug|Any CPU
		{7CE3AA3A-5C76-4F6D-8185-D2DEB77F4FEC}.Release|Any CPU.ActiveCfg = Release|Any CPU
		{7CE3AA3A-5C76-4F6D-8185-D2DEB77F4FEC}.Release|Any CPU.Build.0 = Release|Any CPU
		{B1264A0D-569F-48DC-B24A-5F269AEB4C6E}.Debug|Any CPU.ActiveCfg = Debug|Any CPU
		{B1264A0D-569F-48DC-B24A-5F269AEB4C6E}.Debug|Any CPU.Build.0 = Debug|Any CPU
		{B1264A0D-569F-48DC-B24A-5F269AEB4C6E}.Release|Any CPU.ActiveCfg = Release|Any CPU
		{B1264A0D-569F-48DC-B24A-5F269AEB4C6E}.Release|Any CPU.Build.0 = Release|Any CPU
	EndGlobalSection
	GlobalSection(SolutionProperties) = preSolution
		HideSolutionNode = FALSE
	EndGlobalSection
	GlobalSection(NestedProjects) = preSolution
		{D3FF9060-4DE1-4E93-A7E6-CF46589D8878} = {C78B0424-7BB4-4538-B993-FC4F69355C42}
		{7CE3AA3A-5C76-4F6D-8185-D2DEB77F4FEC} = {3DFC8413-E454-4D69-9C83-29FB59614796}
		{B1264A0D-569F-48DC-B24A-5F269AEB4C6E} = {BB00A808-8B67-4C4E-97BB-239BB22A2691}
	EndGlobalSection
	GlobalSection(ExtensibilityGlobals) = postSolution
		SolutionGuid = {CD125B50-F95D-476E-B756-E9DA71E16041}
	EndGlobalSection
EndGlobal
